// !$*UTF8*$!
{
	archiveVersion = 1;
	classes = {
	};
	objectVersion = 46;
	objects = {

/* Begin PBXBuildFile section */
		9866C7C41ECA31A10003080F /* AppDelegate.swift in Sources */ = {isa = PBXBuildFile; fileRef = 9866C7C31ECA31A10003080F /* AppDelegate.swift */; };
		9866C7C61ECA31A10003080F /* ViewController.swift in Sources */ = {isa = PBXBuildFile; fileRef = 9866C7C51ECA31A10003080F /* ViewController.swift */; };
		9866C7C91ECA31A10003080F /* Main.storyboard in Resources */ = {isa = PBXBuildFile; fileRef = 9866C7C71ECA31A10003080F /* Main.storyboard */; };
		9866C7CB1ECA31A10003080F /* Assets.xcassets in Resources */ = {isa = PBXBuildFile; fileRef = 9866C7CA1ECA31A10003080F /* Assets.xcassets */; };
		9866C7CE1ECA31A10003080F /* LaunchScreen.storyboard in Resources */ = {isa = PBXBuildFile; fileRef = 9866C7CC1ECA31A10003080F /* LaunchScreen.storyboard */; };
		9866C7D91ECA31A20003080F /* FlowTests.swift in Sources */ = {isa = PBXBuildFile; fileRef = 9866C7D81ECA31A20003080F /* FlowTests.swift */; };
/* End PBXBuildFile section */

/* Begin PBXContainerItemProxy section */
		9866C7D51ECA31A20003080F /* PBXContainerItemProxy */ = {
			isa = PBXContainerItemProxy;
			containerPortal = 9866C7B81ECA31A10003080F /* Project object */;
			proxyType = 1;
			remoteGlobalIDString = 9866C7BF1ECA31A10003080F;
			remoteInfo = Flow;
		};
/* End PBXContainerItemProxy section */

/* Begin PBXFileReference section */
		9866C7C01ECA31A10003080F /* Flow.app */ = {isa = PBXFileReference; explicitFileType = wrapper.application; includeInIndex = 0; path = Flow.app; sourceTree = BUILT_PRODUCTS_DIR; };
		9866C7C31ECA31A10003080F /* AppDelegate.swift */ = {isa = PBXFileReference; lastKnownFileType = sourcecode.swift; path = AppDelegate.swift; sourceTree = "<group>"; };
		9866C7C51ECA31A10003080F /* ViewController.swift */ = {isa = PBXFileReference; lastKnownFileType = sourcecode.swift; path = ViewController.swift; sourceTree = "<group>"; };
		9866C7C81ECA31A10003080F /* Base */ = {isa = PBXFileReference; lastKnownFileType = file.storyboard; name = Base; path = Base.lproj/Main.storyboard; sourceTree = "<group>"; };
		9866C7CA1ECA31A10003080F /* Assets.xcassets */ = {isa = PBXFileReference; lastKnownFileType = folder.assetcatalog; path = Assets.xcassets; sourceTree = "<group>"; };
		9866C7CD1ECA31A10003080F /* Base */ = {isa = PBXFileReference; lastKnownFileType = file.storyboard; name = Base; path = Base.lproj/LaunchScreen.storyboard; sourceTree = "<group>"; };
		9866C7CF1ECA31A10003080F /* Info.plist */ = {isa = PBXFileReference; lastKnownFileType = text.plist.xml; path = Info.plist; sourceTree = "<group>"; };
		9866C7D41ECA31A20003080F /* FlowTests.xctest */ = {isa = PBXFileReference; explicitFileType = wrapper.cfbundle; includeInIndex = 0; path = FlowTests.xctest; sourceTree = BUILT_PRODUCTS_DIR; };
		9866C7D81ECA31A20003080F /* FlowTests.swift */ = {isa = PBXFileReference; lastKnownFileType = sourcecode.swift; path = FlowTests.swift; sourceTree = "<group>"; };
		9866C7DA1ECA31A20003080F /* Info.plist */ = {isa = PBXFileReference; lastKnownFileType = text.plist.xml; path = Info.plist; sourceTree = "<group>"; };
/* End PBXFileReference section */

/* Begin PBXFrameworksBuildPhase section */
		9866C7BD1ECA31A10003080F /* Frameworks */ = {
			isa = PBXFrameworksBuildPhase;
			buildActionMask = 2147483647;
			files = (
			);
			runOnlyForDeploymentPostprocessing = 0;
		};
		9866C7D11ECA31A20003080F /* Frameworks */ = {
			isa = PBXFrameworksBuildPhase;
			buildActionMask = 2147483647;
			files = (
			);
			runOnlyForDeploymentPostprocessing = 0;
		};
/* End PBXFrameworksBuildPhase section */

/* Begin PBXGroup section */
		9866C7B71ECA31A10003080F = {
			isa = PBXGroup;
			children = (
				9866C7C21ECA31A10003080F /* Flow */,
				9866C7D71ECA31A20003080F /* FlowTests */,
				9866C7C11ECA31A10003080F /* Products */,
			);
			sourceTree = "<group>";
		};
		9866C7C11ECA31A10003080F /* Products */ = {
			isa = PBXGroup;
			children = (
				9866C7C01ECA31A10003080F /* Flow.app */,
				9866C7D41ECA31A20003080F /* FlowTests.xctest */,
			);
			name = Products;
			sourceTree = "<group>";
		};
		9866C7C21ECA31A10003080F /* Flow */ = {
			isa = PBXGroup;
			children = (
				9866C7C31ECA31A10003080F /* AppDelegate.swift */,
				9866C7C51ECA31A10003080F /* ViewController.swift */,
				9866C7C71ECA31A10003080F /* Main.storyboard */,
				9866C7CA1ECA31A10003080F /* Assets.xcassets */,
				9866C7CC1ECA31A10003080F /* LaunchScreen.storyboard */,
				9866C7CF1ECA31A10003080F /* Info.plist */,
			);
			path = Flow;
			sourceTree = "<group>";
		};
		9866C7D71ECA31A20003080F /* FlowTests */ = {
			isa = PBXGroup;
			children = (
				9866C7D81ECA31A20003080F /* FlowTests.swift */,
				9866C7DA1ECA31A20003080F /* Info.plist */,
			);
			path = FlowTests;
			sourceTree = "<group>";
		};
/* End PBXGroup section */

/* Begin PBXNativeTarget section */
		9866C7BF1ECA31A10003080F /* Flow */ = {
			isa = PBXNativeTarget;
			buildConfigurationList = 9866C7DD1ECA31A20003080F /* Build configuration list for PBXNativeTarget "Flow" */;
			buildPhases = (
				9866C7BC1ECA31A10003080F /* Sources */,
				9866C7BD1ECA31A10003080F /* Frameworks */,
				9866C7BE1ECA31A10003080F /* Resources */,
			);
			buildRules = (
			);
			dependencies = (
			);
			name = Flow;
			productName = Flow;
			productReference = 9866C7C01ECA31A10003080F /* Flow.app */;
			productType = "com.apple.product-type.application";
		};
		9866C7D31ECA31A20003080F /* FlowTests */ = {
			isa = PBXNativeTarget;
			buildConfigurationList = 9866C7E01ECA31A20003080F /* Build configuration list for PBXNativeTarget "FlowTests" */;
			buildPhases = (
				9866C7D01ECA31A20003080F /* Sources */,
				9866C7D11ECA31A20003080F /* Frameworks */,
				9866C7D21ECA31A20003080F /* Resources */,
			);
			buildRules = (
			);
			dependencies = (
				9866C7D61ECA31A20003080F /* PBXTargetDependency */,
			);
			name = FlowTests;
			productName = FlowTests;
			productReference = 9866C7D41ECA31A20003080F /* FlowTests.xctest */;
			productType = "com.apple.product-type.bundle.unit-test";
		};
/* End PBXNativeTarget section */

/* Begin PBXProject section */
		9866C7B81ECA31A10003080F /* Project object */ = {
			isa = PBXProject;
			attributes = {
				LastSwiftUpdateCheck = 0830;
				LastUpgradeCheck = 0830;
				ORGANIZATIONNAME = "Kaypree Hodges";
				TargetAttributes = {
					9866C7BF1ECA31A10003080F = {
						CreatedOnToolsVersion = 8.3.2;
						DevelopmentTeam = JPTWYQZ85B;
						ProvisioningStyle = Automatic;
					};
					9866C7D31ECA31A20003080F = {
						CreatedOnToolsVersion = 8.3.2;
						DevelopmentTeam = JPTWYQZ85B;
						ProvisioningStyle = Automatic;
						TestTargetID = 9866C7BF1ECA31A10003080F;
					};
				};
			};
			buildConfigurationList = 9866C7BB1ECA31A10003080F /* Build configuration list for PBXProject "Flow" */;
			compatibilityVersion = "Xcode 3.2";
			developmentRegion = English;
			hasScannedForEncodings = 0;
			knownRegions = (
				en,
				Base,
			);
			mainGroup = 9866C7B71ECA31A10003080F;
			productRefGroup = 9866C7C11ECA31A10003080F /* Products */;
			projectDirPath = "";
			projectRoot = "";
			targets = (
				9866C7BF1ECA31A10003080F /* Flow */,
				9866C7D31ECA31A20003080F /* FlowTests */,
			);
		};
/* End PBXProject section */

/* Begin PBXResourcesBuildPhase section */
		9866C7BE1ECA31A10003080F /* Resources */ = {
			isa = PBXResourcesBuildPhase;
			buildActionMask = 2147483647;
			files = (
				9866C7CE1ECA31A10003080F /* LaunchScreen.storyboard in Resources */,
				9866C7CB1ECA31A10003080F /* Assets.xcassets in Resources */,
				9866C7C91ECA31A10003080F /* Main.storyboard in Resources */,
			);
			runOnlyForDeploymentPostprocessing = 0;
		};
		9866C7D21ECA31A20003080F /* Resources */ = {
			isa = PBXResourcesBuildPhase;
			buildActionMask = 2147483647;
			files = (
			);
			runOnlyForDeploymentPostprocessing = 0;
		};
/* End PBXResourcesBuildPhase section */

/* Begin PBXSourcesBuildPhase section */
		9866C7BC1ECA31A10003080F /* Sources */ = {
			isa = PBXSourcesBuildPhase;
			buildActionMask = 2147483647;
			files = (
				9866C7C61ECA31A10003080F /* ViewController.swift in Sources */,
				9866C7C41ECA31A10003080F /* AppDelegate.swift in Sources */,
			);
			runOnlyForDeploymentPostprocessing = 0;
		};
		9866C7D01ECA31A20003080F /* Sources */ = {
			isa = PBXSourcesBuildPhase;
			buildActionMask = 2147483647;
			files = (
				9866C7D91ECA31A20003080F /* FlowTests.swift in Sources */,
			);
			runOnlyForDeploymentPostprocessing = 0;
		};
/* End PBXSourcesBuildPhase section */

/* Begin PBXTargetDependency section */
		9866C7D61ECA31A20003080F /* PBXTargetDependency */ = {
			isa = PBXTargetDependency;
			target = 9866C7BF1ECA31A10003080F /* Flow */;
			targetProxy = 9866C7D51ECA31A20003080F /* PBXContainerItemProxy */;
		};
/* End PBXTargetDependency section */

/* Begin PBXVariantGroup section */
		9866C7C71ECA31A10003080F /* Main.storyboard */ = {
			isa = PBXVariantGroup;
			children = (
				9866C7C81ECA31A10003080F /* Base */,
			);
			name = Main.storyboard;
			sourceTree = "<group>";
		};
		9866C7CC1ECA31A10003080F /* LaunchScreen.storyboard */ = {
			isa = PBXVariantGroup;
			children = (
				9866C7CD1ECA31A10003080F /* Base */,
			);
			name = LaunchScreen.storyboard;
			sourceTree = "<group>";
		};
/* End PBXVariantGroup section */

/* Begin XCBuildConfiguration section */
		9866C7DB1ECA31A20003080F /* Debug */ = {
			isa = XCBuildConfiguration;
			buildSettings = {
				ALWAYS_SEARCH_USER_PATHS = NO;
				CLANG_ANALYZER_NONNULL = YES;
				CLANG_ANALYZER_NUMBER_OBJECT_CONVERSION = YES_AGGRESSIVE;
				CLANG_CXX_LANGUAGE_STANDARD = "gnu++0x";
				CLANG_CXX_LIBRARY = "libc++";
				CLANG_ENABLE_MODULES = YES;
				CLANG_ENABLE_OBJC_ARC = YES;
				CLANG_WARN_BOOL_CONVERSION = YES;
				CLANG_WARN_CONSTANT_CONVERSION = YES;
				CLANG_WARN_DIRECT_OBJC_ISA_USAGE = YES_ERROR;
				CLANG_WARN_DOCUMENTATION_COMMENTS = YES;
				CLANG_WARN_EMPTY_BODY = YES;
				CLANG_WARN_ENUM_CONVERSION = YES;
				CLANG_WARN_INFINITE_RECURSION = YES;
				CLANG_WARN_INT_CONVERSION = YES;
				CLANG_WARN_OBJC_ROOT_CLASS = YES_ERROR;
				CLANG_WARN_SUSPICIOUS_MOVE = YES;
				CLANG_WARN_UNREACHABLE_CODE = YES;
				CLANG_WARN__DUPLICATE_METHOD_MATCH = YES;
				"CODE_SIGN_IDENTITY[sdk=iphoneos*]" = "iPhone Developer";
				COPY_PHASE_STRIP = NO;
				DEBUG_INFORMATION_FORMAT = dwarf;
				ENABLE_STRICT_OBJC_MSGSEND = YES;
				ENABLE_TESTABILITY = YES;
				GCC_C_LANGUAGE_STANDARD = gnu99;
				GCC_DYNAMIC_NO_PIC = NO;
				GCC_NO_COMMON_BLOCKS = YES;
				GCC_OPTIMIZATION_LEVEL = 0;
				GCC_PREPROCESSOR_DEFINITIONS = (
					"DEBUG=1",
					"$(inherited)",
				);
				GCC_WARN_64_TO_32_BIT_CONVERSION = YES;
				GCC_WARN_ABOUT_RETURN_TYPE = YES_ERROR;
				GCC_WARN_UNDECLARED_SELECTOR = YES;
				GCC_WARN_UNINITIALIZED_AUTOS = YES_AGGRESSIVE;
				GCC_WARN_UNUSED_FUNCTION = YES;
				GCC_WARN_UNUSED_VARIABLE = YES;
				IPHONEOS_DEPLOYMENT_TARGET = 10.3;
				MTL_ENABLE_DEBUG_INFO = YES;
				ONLY_ACTIVE_ARCH = YES;
				SDKROOT = iphoneos;
				SWIFT_ACTIVE_COMPILATION_CONDITIONS = DEBUG;
				SWIFT_OPTIMIZATION_LEVEL = "-Onone";
				TARGETED_DEVICE_FAMILY = "1,2";
			};
			name = Debug;
		};
		9866C7DC1ECA31A20003080F /* Release */ = {
			isa = XCBuildConfiguration;
			buildSettings = {
				ALWAYS_SEARCH_USER_PATHS = NO;
				CLANG_ANALYZER_NONNULL = YES;
				CLANG_ANALYZER_NUMBER_OBJECT_CONVERSION = YES_AGGRESSIVE;
				CLANG_CXX_LANGUAGE_STANDARD = "gnu++0x";
				CLANG_CXX_LIBRARY = "libc++";
				CLANG_ENABLE_MODULES = YES;
				CLANG_ENABLE_OBJC_ARC = YES;
				CLANG_WARN_BOOL_CONVERSION = YES;
				CLANG_WARN_CONSTANT_CONVERSION = YES;
				CLANG_WARN_DIRECT_OBJC_ISA_USAGE = YES_ERROR;
				CLANG_WARN_DOCUMENTATION_COMMENTS = YES;
				CLANG_WARN_EMPTY_BODY = YES;
				CLANG_WARN_ENUM_CONVERSION = YES;
				CLANG_WARN_INFINITE_RECURSION = YES;
				CLANG_WARN_INT_CONVERSION = YES;
				CLANG_WARN_OBJC_ROOT_CLASS = YES_ERROR;
				CLANG_WARN_SUSPICIOUS_MOVE = YES;
				CLANG_WARN_UNREACHABLE_CODE = YES;
				CLANG_WARN__DUPLICATE_METHOD_MATCH = YES;
				"CODE_SIGN_IDENTITY[sdk=iphoneos*]" = "iPhone Developer";
				COPY_PHASE_STRIP = NO;
				DEBUG_INFORMATION_FORMAT = "dwarf-with-dsym";
				ENABLE_NS_ASSERTIONS = NO;
				ENABLE_STRICT_OBJC_MSGSEND = YES;
				GCC_C_LANGUAGE_STANDARD = gnu99;
				GCC_NO_COMMON_BLOCKS = YES;
				GCC_WARN_64_TO_32_BIT_CONVERSION = YES;
				GCC_WARN_ABOUT_RETURN_TYPE = YES_ERROR;
				GCC_WARN_UNDECLARED_SELECTOR = YES;
				GCC_WARN_UNINITIALIZED_AUTOS = YES_AGGRESSIVE;
				GCC_WARN_UNUSED_FUNCTION = YES;
				GCC_WARN_UNUSED_VARIABLE = YES;
				IPHONEOS_DEPLOYMENT_TARGET = 10.3;
				MTL_ENABLE_DEBUG_INFO = NO;
				SDKROOT = iphoneos;
				SWIFT_OPTIMIZATION_LEVEL = "-Owholemodule";
				TARGETED_DEVICE_FAMILY = "1,2";
				VALIDATE_PRODUCT = YES;
			};
			name = Release;
		};
		9866C7DE1ECA31A20003080F /* Debug */ = {
			isa = XCBuildConfiguration;
			buildSettings = {
				ASSETCATALOG_COMPILER_APPICON_NAME = AppIcon;
				DEVELOPMENT_TEAM = JPTWYQZ85B;
				INFOPLIST_FILE = Flow/Info.plist;
				LD_RUNPATH_SEARCH_PATHS = "$(inherited) @executable_path/Frameworks";
				PRODUCT_BUNDLE_IDENTIFIER = Pree.Flow;
				PRODUCT_NAME = "$(TARGET_NAME)";
				SWIFT_VERSION = 3.0;
			};
			name = Debug;
		};
		9866C7DF1ECA31A20003080F /* Release */ = {
			isa = XCBuildConfiguration;
			buildSettings = {
				ASSETCATALOG_COMPILER_APPICON_NAME = AppIcon;
				DEVELOPMENT_TEAM = JPTWYQZ85B;
				INFOPLIST_FILE = Flow/Info.plist;
				LD_RUNPATH_SEARCH_PATHS = "$(inherited) @executable_path/Frameworks";
				PRODUCT_BUNDLE_IDENTIFIER = Pree.Flow;
				PRODUCT_NAME = "$(TARGET_NAME)";
				SWIFT_VERSION = 3.0;
			};
			name = Release;
		};
		9866C7E11ECA31A20003080F /* Debug */ = {
			isa = XCBuildConfiguration;
			buildSettings = {
				ALWAYS_EMBED_SWIFT_STANDARD_LIBRARIES = YES;
				BUNDLE_LOADER = "$(TEST_HOST)";
				DEVELOPMENT_TEAM = JPTWYQZ85B;
				INFOPLIST_FILE = FlowTests/Info.plist;
				LD_RUNPATH_SEARCH_PATHS = "$(inherited) @executable_path/Frameworks @loader_path/Frameworks";
				PRODUCT_BUNDLE_IDENTIFIER = Pree.FlowTests;
				PRODUCT_NAME = "$(TARGET_NAME)";
				SWIFT_VERSION = 3.0;
				TEST_HOST = "$(BUILT_PRODUCTS_DIR)/Flow.app/Flow";
			};
			name = Debug;
		};
		9866C7E21ECA31A20003080F /* Release */ = {
			isa = XCBuildConfiguration;
			buildSettings = {
				ALWAYS_EMBED_SWIFT_STANDARD_LIBRARIES = YES;
				BUNDLE_LOADER = "$(TEST_HOST)";
				DEVELOPMENT_TEAM = JPTWYQZ85B;
				INFOPLIST_FILE = FlowTests/Info.plist;
				LD_RUNPATH_SEARCH_PATHS = "$(inherited) @executable_path/Frameworks @loader_path/Frameworks";
				PRODUCT_BUNDLE_IDENTIFIER = Pree.FlowTests;
				PRODUCT_NAME = "$(TARGET_NAME)";
				SWIFT_VERSION = 3.0;
				TEST_HOST = "$(BUILT_PRODUCTS_DIR)/Flow.app/Flow";
			};
			name = Release;
		};
/* End XCBuildConfiguration section */

/* Begin XCConfigurationList section */
		9866C7BB1ECA31A10003080F /* Build configuration list for PBXProject "Flow" */ = {
			isa = XCConfigurationList;
			buildConfigurations = (
				9866C7DB1ECA31A20003080F /* Debug */,
				9866C7DC1ECA31A20003080F /* Release */,
			);
			defaultConfigurationIsVisible = 0;
			defaultConfigurationName = Release;
		};
		9866C7DD1ECA31A20003080F /* Build configuration list for PBXNativeTarget "Flow" */ = {
			isa = XCConfigurationList;
			buildConfigurations = (
				9866C7DE1ECA31A20003080F /* Debug */,
				9866C7DF1ECA31A20003080F /* Release */,
			);
			defaultConfigurationIsVisible = 0;
		};
		9866C7E01ECA31A20003080F /* Build configuration list for PBXNativeTarget "FlowTests" */ = {
			isa = XCConfigurationList;
			buildConfigurations = (
				9866C7E11ECA31A20003080F /* Debug */,
				9866C7E21ECA31A20003080F /* Release */,
			);
			defaultConfigurationIsVisible = 0;
		};
/* End XCConfigurationList section */
	};
	rootObject = 9866C7B81ECA31A10003080F /* Project object */;
}
